
Microsoft Visual Studio Solution File, Format Version 12.00
# Visual Studio Version 17
VisualStudioVersion = 17.8.34330.188
MinimumVisualStudioVersion = 10.0.40219.1
Project("{FAE04EC0-301F-11D3-BF4B-00C04F79EFBC}") = "Dotnet8-MinimalApi-Carter", "Dotnet8-MinimalApi-Carter\Dotnet8-MinimalApi-Carter.csproj", "{001F5052-6996-4081-9338-DC91BE3136EE}"
EndProject
Global
	GlobalSection(SolutionConfigurationPlatforms) = preSolution
		Debug|Any CPU = Debug|Any CPU
		Release|Any CPU = Release|Any CPU
	EndGlobalSection
	GlobalSection(ProjectConfigurationPlatforms) = postSolution
		{001F5052-6996-4081-9338-DC91BE3136EE}.Debug|Any CPU.ActiveCfg = Debug|Any CPU
		{001F5052-6996-4081-9338-DC91BE3136EE}.Debug|Any CPU.Build.0 = Debug|Any CPU
		{001F5052-6996-4081-9338-DC91BE3136EE}.Release|Any CPU.ActiveCfg = Release|Any CPU
		{001F5052-6996-4081-9338-DC91BE3136EE}.Release|Any CPU.Build.0 = Release|Any CPU
	EndGlobalSection
	GlobalSection(SolutionProperties) = preSolution
		HideSolutionNode = FALSE
	EndGlobalSection
	GlobalSection(ExtensibilityGlobals) = postSolution
		SolutionGuid = {CEECCADF-CE49-4C4C-B29E-D5D96F427A1A}
	EndGlobalSection
EndGlobal
